
Microsoft Visual Studio Solution File, Format Version 12.00
# Visual Studio Version 16
VisualStudioVersion = 16.0.31702.278
MinimumVisualStudioVersion = 10.0.40219.1
Project("{FAE04EC0-301F-11D3-BF4B-00C04F79EFBC}") = "CloudBackup", "CloudBackup\CloudBackup.csproj", "{AB908FB2-5EA8-401B-BDD6-FA623D43FEF2}"
EndProject
Project("{FAE04EC0-301F-11D3-BF4B-00C04F79EFBC}") = "CloudBackup.Library", "CloudBackup.Library\CloudBackup.Library.csproj", "{CBEA6FD6-3913-444F-BB68-56578B90862E}"
EndProject
Global
	GlobalSection(SolutionConfigurationPlatforms) = preSolution
		Debug|Any CPU = Debug|Any CPU
		Debug|ARM = Debug|ARM
		Debug|ARM64 = Debug|ARM64
		Debug|x64 = Debug|x64
		Debug|x86 = Debug|x86
		Release|Any CPU = Release|Any CPU
		Release|ARM = Release|ARM
		Release|ARM64 = Release|ARM64
		Release|x64 = Release|x64
		Release|x86 = Release|x86
	EndGlobalSection
	GlobalSection(ProjectConfigurationPlatforms) = postSolution
		{AB908FB2-5EA8-401B-BDD6-FA623D43FEF2}.Debug|Any CPU.ActiveCfg = Debug|x86
		{AB908FB2-5EA8-401B-BDD6-FA623D43FEF2}.Debug|ARM.ActiveCfg = Debug|ARM
		{AB908FB2-5EA8-401B-BDD6-FA623D43FEF2}.Debug|ARM.Build.0 = Debug|ARM
		{AB908FB2-5EA8-401B-BDD6-FA623D43FEF2}.Debug|ARM.Deploy.0 = Debug|ARM
		{AB908FB2-5EA8-401B-BDD6-FA623D43FEF2}.Debug|ARM64.ActiveCfg = Debug|ARM64
		{AB908FB2-5EA8-401B-BDD6-FA623D43FEF2}.Debug|ARM64.Build.0 = Debug|ARM64
		{AB908FB2-5EA8-401B-BDD6-FA623D43FEF2}.Debug|ARM64.Deploy.0 = Debug|ARM64
		{AB908FB2-5EA8-401B-BDD6-FA623D43FEF2}.Debug|x64.ActiveCfg = Debug|x64
		{AB908FB2-5EA8-401B-BDD6-FA623D43FEF2}.Debug|x64.Build.0 = Debug|x64
		{AB908FB2-5EA8-401B-BDD6-FA623D43FEF2}.Debug|x64.Deploy.0 = Debug|x64
		{AB908FB2-5EA8-401B-BDD6-FA623D43FEF2}.Debug|x86.ActiveCfg = Debug|x86
		{AB908FB2-5EA8-401B-BDD6-FA623D43FEF2}.Debug|x86.Build.0 = Debug|x86
		{AB908FB2-5EA8-401B-BDD6-FA623D43FEF2}.Debug|x86.Deploy.0 = Debug|x86
		{AB908FB2-5EA8-401B-BDD6-FA623D43FEF2}.Release|Any CPU.ActiveCfg = Release|x86
		{AB908FB2-5EA8-401B-BDD6-FA623D43FEF2}.Release|ARM.ActiveCfg = Release|ARM
		{AB908FB2-5EA8-401B-BDD6-FA623D43FEF2}.Release|ARM.Build.0 = Release|ARM
		{AB908FB2-5EA8-401B-BDD6-FA623D43FEF2}.Release|ARM.Deploy.0 = Release|ARM
		{AB908FB2-5EA8-401B-BDD6-FA623D43FEF2}.Release|ARM64.ActiveCfg = Release|ARM64
		{AB908FB2-5EA8-401B-BDD6-FA623D43FEF2}.Release|ARM64.Build.0 = Release|ARM64
		{AB908FB2-5EA8-401B-BDD6-FA623D43FEF2}.Release|ARM64.Deploy.0 = Release|ARM64
		{AB908FB2-5EA8-401B-BDD6-FA623D43FEF2}.Release|x64.ActiveCfg = Release|x64
		{AB908FB2-5EA8-401B-BDD6-FA623D43FEF2}.Release|x64.Build.0 = Release|x64
		{AB908FB2-5EA8-401B-BDD6-FA623D43FEF2}.Release|x64.Deploy.0 = Release|x64
		{AB908FB2-5EA8-401B-BDD6-FA623D43FEF2}.Release|x86.ActiveCfg = Release|x86
		{AB908FB2-5EA8-401B-BDD6-FA623D43FEF2}.Release|x86.Build.0 = Release|x86
		{AB908FB2-5EA8-401B-BDD6-FA623D43FEF2}.Release|x86.Deploy.0 = Release|x86
		{CBEA6FD6-3913-444F-BB68-56578B90862E}.Debug|Any CPU.ActiveCfg = Debug|Any CPU
		{CBEA6FD6-3913-444F-BB68-56578B90862E}.Debug|Any CPU.Build.0 = Debug|Any CPU
		{CBEA6FD6-3913-444F-BB68-56578B90862E}.Debug|ARM.ActiveCfg = Debug|ARM
		{CBEA6FD6-3913-444F-BB68-56578B90862E}.Debug|ARM.Build.0 = Debug|ARM
		{CBEA6FD6-3913-444F-BB68-56578B90862E}.Debug|ARM64.ActiveCfg = Debug|ARM64
		{CBEA6FD6-3913-444F-BB68-56578B90862E}.Debug|ARM64.Build.0 = Debug|ARM64
		{CBEA6FD6-3913-444F-BB68-56578B90862E}.Debug|x64.ActiveCfg = Debug|x64
		{CBEA6FD6-3913-444F-BB68-56578B90862E}.Debug|x64.Build.0 = Debug|x64
		{CBEA6FD6-3913-444F-BB68-56578B90862E}.Debug|x86.ActiveCfg = Debug|x86
		{CBEA6FD6-3913-444F-BB68-56578B90862E}.Debug|x86.Build.0 = Debug|x86
		{CBEA6FD6-3913-444F-BB68-56578B90862E}.Release|Any CPU.ActiveCfg = Release|Any CPU
		{CBEA6FD6-3913-444F-BB68-56578B90862E}.Release|Any CPU.Build.0 = Release|Any CPU
		{CBEA6FD6-3913-444F-BB68-56578B90862E}.Release|ARM.ActiveCfg = Release|ARM
		{CBEA6FD6-3913-444F-BB68-56578B90862E}.Release|ARM.Build.0 = Release|ARM
		{CBEA6FD6-3913-444F-BB68-56578B90862E}.Release|ARM64.ActiveCfg = Release|ARM64
		{CBEA6FD6-3913-444F-BB68-56578B90862E}.Release|ARM64.Build.0 = Release|ARM64
		{CBEA6FD6-3913-444F-BB68-56578B90862E}.Release|x64.ActiveCfg = Release|x64
		{CBEA6FD6-3913-444F-BB68-56578B90862E}.Release|x64.Build.0 = Release|x64
		{CBEA6FD6-3913-444F-BB68-56578B90862E}.Release|x86.ActiveCfg = Release|x86
		{CBEA6FD6-3913-444F-BB68-56578B90862E}.Release|x86.Build.0 = Release|x86
	EndGlobalSection
	GlobalSection(SolutionProperties) = preSolution
		HideSolutionNode = FALSE
	EndGlobalSection
	GlobalSection(ExtensibilityGlobals) = postSolution
		SolutionGuid = {DF82BCE6-9C75-439D-AF01-1D84677143C6}
	EndGlobalSection
EndGlobal
